PODS:
  - animated_progress_bar (0.0.1):
    - FlutterMacOS
  - audio_session (0.0.1):
    - FlutterMacOS
  - audioplayers_darwin (0.0.1):
    - FlutterMacOS
  - battery_plus (0.0.1):
    - FlutterMacOS
  - bitsdojo_window_macos (0.0.1):
    - FlutterMacOS
  - connectivity_plus (0.0.1):
    - Flutter
    - FlutterMacOS
  - desktop_multi_window (0.0.1):
    - FlutterMacOS
  - device_info_plus (0.0.1):
    - FlutterMacOS
  - file_selector_macos (0.0.1):
    - FlutterMacOS
  - flutter_inappwebview_macos (0.0.1):
    - FlutterMacOS
    - OrderedSet (~> 6.0.3)
  - flutter_platform_alert (0.0.1):
    - FlutterMacOS
  - flutter_secure_storage_macos (6.1.1):
    - FlutterMacOS
  - flutter_webrtc (0.9.36):
    - FlutterMacOS
    - WebRTC-SDK (= 114.5735.08)
  - FlutterMacOS (1.0.0)
  - just_audio (0.0.1):
    - FlutterMacOS
  - local_notifier (0.1.0):
    - FlutterMacOS
  - media_kit_libs_macos_video (1.0.4):
    - FlutterMacOS
  - media_kit_native_event_loop (1.0.0):
    - FlutterMacOS
  - media_kit_video (0.0.1):
    - FlutterMacOS
  - OrderedSet (6.0.3)
  - package_info_plus (0.0.1):
    - FlutterMacOS
  - path_provider_foundation (0.0.1):
    - Flutter
    - FlutterMacOS
  - pdfx (1.0.0):
    - FlutterMacOS
  - screen_brightness_macos (0.1.0):
    - FlutterMacOS
  - shared_preferences_foundation (0.0.1):
    - Flutter
    - FlutterMacOS
  - sqflite (0.0.3):
    - Flutter
    - FlutterMacOS
  - "sqlite3 (3.46.1+1)":
    - "sqlite3/common (= 3.46.1+1)"
  - "sqlite3/common (3.46.1+1)"
  - "sqlite3/dbstatvtab (3.46.1+1)":
    - sqlite3/common
  - "sqlite3/fts5 (3.46.1+1)":
    - sqlite3/common
  - "sqlite3/perf-threadsafe (3.46.1+1)":
    - sqlite3/common
  - "sqlite3/rtree (3.46.1+1)":
    - sqlite3/common
  - sqlite3_flutter_libs (0.0.1):
    - FlutterMacOS
    - "sqlite3 (~> 3.46.0+1)"
    - sqlite3/dbstatvtab
    - sqlite3/fts5
    - sqlite3/perf-threadsafe
    - sqlite3/rtree
  - syncfusion_pdfviewer_macos (0.0.1):
    - FlutterMacOS
  - url_launcher_macos (0.0.1):
    - FlutterMacOS
  - video_player_avfoundation (0.0.1):
    - Flutter
    - FlutterMacOS
  - wakelock_plus (0.0.1):
    - FlutterMacOS
  - WebRTC-SDK (114.5735.08)
  - webview_flutter_wkwebview (0.0.1):
    - Flutter
    - FlutterMacOS
  - window_size (0.0.2):
    - FlutterMacOS

DEPENDENCIES:
  - animated_progress_bar (from `Flutter/ephemeral/.symlinks/plugins/animated_progress_bar/macos`)
  - audio_session (from `Flutter/ephemeral/.symlinks/plugins/audio_session/macos`)
  - audioplayers_darwin (from `Flutter/ephemeral/.symlinks/plugins/audioplayers_darwin/macos`)
  - battery_plus (from `Flutter/ephemeral/.symlinks/plugins/battery_plus/macos`)
  - bitsdojo_window_macos (from `Flutter/ephemeral/.symlinks/plugins/bitsdojo_window_macos/macos`)
  - connectivity_plus (from `Flutter/ephemeral/.symlinks/plugins/connectivity_plus/darwin`)
  - desktop_multi_window (from `Flutter/ephemeral/.symlinks/plugins/desktop_multi_window/macos`)
  - device_info_plus (from `Flutter/ephemeral/.symlinks/plugins/device_info_plus/macos`)
  - file_selector_macos (from `Flutter/ephemeral/.symlinks/plugins/file_selector_macos/macos`)
  - flutter_inappwebview_macos (from `Flutter/ephemeral/.symlinks/plugins/flutter_inappwebview_macos/macos`)
  - flutter_platform_alert (from `Flutter/ephemeral/.symlinks/plugins/flutter_platform_alert/macos`)
  - flutter_secure_storage_macos (from `Flutter/ephemeral/.symlinks/plugins/flutter_secure_storage_macos/macos`)
  - flutter_webrtc (from `Flutter/ephemeral/.symlinks/plugins/flutter_webrtc/macos`)
  - FlutterMacOS (from `Flutter/ephemeral`)
  - just_audio (from `Flutter/ephemeral/.symlinks/plugins/just_audio/macos`)
  - local_notifier (from `Flutter/ephemeral/.symlinks/plugins/local_notifier/macos`)
  - media_kit_libs_macos_video (from `Flutter/ephemeral/.symlinks/plugins/media_kit_libs_macos_video/macos`)
  - media_kit_native_event_loop (from `Flutter/ephemeral/.symlinks/plugins/media_kit_native_event_loop/macos`)
  - media_kit_video (from `Flutter/ephemeral/.symlinks/plugins/media_kit_video/macos`)
  - package_info_plus (from `Flutter/ephemeral/.symlinks/plugins/package_info_plus/macos`)
  - path_provider_foundation (from `Flutter/ephemeral/.symlinks/plugins/path_provider_foundation/darwin`)
  - pdfx (from `Flutter/ephemeral/.symlinks/plugins/pdfx/macos`)
  - screen_brightness_macos (from `Flutter/ephemeral/.symlinks/plugins/screen_brightness_macos/macos`)
  - shared_preferences_foundation (from `Flutter/ephemeral/.symlinks/plugins/shared_preferences_foundation/darwin`)
  - sqflite (from `Flutter/ephemeral/.symlinks/plugins/sqflite/darwin`)
  - sqlite3_flutter_libs (from `Flutter/ephemeral/.symlinks/plugins/sqlite3_flutter_libs/macos`)
  - syncfusion_pdfviewer_macos (from `Flutter/ephemeral/.symlinks/plugins/syncfusion_pdfviewer_macos/macos`)
  - url_launcher_macos (from `Flutter/ephemeral/.symlinks/plugins/url_launcher_macos/macos`)
  - video_player_avfoundation (from `Flutter/ephemeral/.symlinks/plugins/video_player_avfoundation/darwin`)
  - wakelock_plus (from `Flutter/ephemeral/.symlinks/plugins/wakelock_plus/macos`)
  - webview_flutter_wkwebview (from `Flutter/ephemeral/.symlinks/plugins/webview_flutter_wkwebview/darwin`)
  - window_size (from `Flutter/ephemeral/.symlinks/plugins/window_size/macos`)

SPEC REPOS:
  trunk:
    - OrderedSet
    - sqlite3
    - WebRTC-SDK

EXTERNAL SOURCES:
  animated_progress_bar:
    :path: Flutter/ephemeral/.symlinks/plugins/animated_progress_bar/macos
  audio_session:
    :path: Flutter/ephemeral/.symlinks/plugins/audio_session/macos
  audioplayers_darwin:
    :path: Flutter/ephemeral/.symlinks/plugins/audioplayers_darwin/macos
  battery_plus:
    :path: Flutter/ephemeral/.symlinks/plugins/battery_plus/macos
  bitsdojo_window_macos:
    :path: Flutter/ephemeral/.symlinks/plugins/bitsdojo_window_macos/macos
  connectivity_plus:
    :path: Flutter/ephemeral/.symlinks/plugins/connectivity_plus/darwin
  desktop_multi_window:
    :path: Flutter/ephemeral/.symlinks/plugins/desktop_multi_window/macos
  device_info_plus:
    :path: Flutter/ephemeral/.symlinks/plugins/device_info_plus/macos
  file_selector_macos:
    :path: Flutter/ephemeral/.symlinks/plugins/file_selector_macos/macos
  flutter_inappwebview_macos:
    :path: Flutter/ephemeral/.symlinks/plugins/flutter_inappwebview_macos/macos
  flutter_platform_alert:
    :path: Flutter/ephemeral/.symlinks/plugins/flutter_platform_alert/macos
  flutter_secure_storage_macos:
    :path: Flutter/ephemeral/.symlinks/plugins/flutter_secure_storage_macos/macos
  flutter_webrtc:
    :path: Flutter/ephemeral/.symlinks/plugins/flutter_webrtc/macos
  FlutterMacOS:
    :path: Flutter/ephemeral
  just_audio:
    :path: Flutter/ephemeral/.symlinks/plugins/just_audio/macos
  local_notifier:
    :path: Flutter/ephemeral/.symlinks/plugins/local_notifier/macos
  media_kit_libs_macos_video:
    :path: Flutter/ephemeral/.symlinks/plugins/media_kit_libs_macos_video/macos
  media_kit_native_event_loop:
    :path: Flutter/ephemeral/.symlinks/plugins/media_kit_native_event_loop/macos
  media_kit_video:
    :path: Flutter/ephemeral/.symlinks/plugins/media_kit_video/macos
  package_info_plus:
    :path: Flutter/ephemeral/.symlinks/plugins/package_info_plus/macos
  path_provider_foundation:
    :path: Flutter/ephemeral/.symlinks/plugins/path_provider_foundation/darwin
  pdfx:
    :path: Flutter/ephemeral/.symlinks/plugins/pdfx/macos
  screen_brightness_macos:
    :path: Flutter/ephemeral/.symlinks/plugins/screen_brightness_macos/macos
  shared_preferences_foundation:
    :path: Flutter/ephemeral/.symlinks/plugins/shared_preferences_foundation/darwin
  sqflite:
    :path: Flutter/ephemeral/.symlinks/plugins/sqflite/darwin
  sqlite3_flutter_libs:
    :path: Flutter/ephemeral/.symlinks/plugins/sqlite3_flutter_libs/macos
  syncfusion_pdfviewer_macos:
    :path: Flutter/ephemeral/.symlinks/plugins/syncfusion_pdfviewer_macos/macos
  url_launcher_macos:
    :path: Flutter/ephemeral/.symlinks/plugins/url_launcher_macos/macos
  video_player_avfoundation:
    :path: Flutter/ephemeral/.symlinks/plugins/video_player_avfoundation/darwin
  wakelock_plus:
    :path: Flutter/ephemeral/.symlinks/plugins/wakelock_plus/macos
  webview_flutter_wkwebview:
    :path: Flutter/ephemeral/.symlinks/plugins/webview_flutter_wkwebview/darwin
  window_size:
    :path: Flutter/ephemeral/.symlinks/plugins/window_size/macos

SPEC CHECKSUMS:
  animated_progress_bar: 77eb785abe70b26365608aca322cf87c35f13741
  audio_session: dea1f41890dbf1718f04a56f1d6150fd50039b72
  audioplayers_darwin: dcad41de4fbd0099cb3749f7ab3b0cb8f70b810c
  battery_plus: 0ed4cf1e771b535a89ac7323e0855ec734cf745f
  bitsdojo_window_macos: 44e3b8fe3dd463820e0321f6256c5b1c16bb6a00
  connectivity_plus: ddd7f30999e1faaef5967c23d5b6d503d10434db
  desktop_multi_window: 566489c048b501134f9d7fb6a2354c60a9126486
  device_info_plus: 5401765fde0b8d062a2f8eb65510fb17e77cf07f
  file_selector_macos: 54fdab7caa3ac3fc43c9fac4d7d8d231277f8cf2
  flutter_inappwebview_macos: bdf207b8f4ebd58e86ae06cd96b147de99a67c9b
  flutter_platform_alert: b21b2b7d801e71c12ce9ffab618ff114ca9fc903
  flutter_secure_storage_macos: 59459653abe1adb92abbc8ea747d79f8d19866c9
  flutter_webrtc: cf7dc44d26cbb5c5f1ae5f583dab545871f287f9
  FlutterMacOS: 8f6f14fa908a6fb3fba0cd85dbd81ec4b251fb24
  just_audio: 9b67ca7b97c61cfc9784ea23cd8cc55eb226d489
  local_notifier: e9506bc66fc70311e8bc7291fb70f743c081e4ff
  media_kit_libs_macos_video: b3e2bbec2eef97c285f2b1baa7963c67c753fb82
  media_kit_native_event_loop: 81fd5b45192b72f8b5b69eaf5b540f45777eb8d5
  media_kit_video: c75b07f14d59706c775778e4dd47dd027de8d1e5
  OrderedSet: e539b66b644ff081c73a262d24ad552a69be3a94
  package_info_plus: 12f1c5c2cfe8727ca46cbd0b26677728972d9a5b
  path_provider_foundation: 2b6b4c569c0fb62ec74538f866245ac84301af46
  pdfx: d1c406047b02acc54fe98495ae24b04fe9b4f024
  screen_brightness_macos: 2d6d3af2165592d9a55ffcd95b7550970e41ebda
  shared_preferences_foundation: fcdcbc04712aee1108ac7fda236f363274528f78
  sqflite: 673a0e54cc04b7d6dba8d24fb8095b31c3a99eec
  sqlite3: 0bb0e6389d824e40296f531b858a2a0b71c0d2fb
  sqlite3_flutter_libs: 5ca46c1a04eddfbeeb5b16566164aa7ad1616e7b
  syncfusion_pdfviewer_macos: e9194851581cad04b28b53913d0636d39a4ed4b2
  url_launcher_macos: 5f437abeda8c85500ceb03f5c1938a8c5a705399
  video_player_avfoundation: 7c6c11d8470e1675df7397027218274b6d2360b3
  wakelock_plus: 4783562c9a43d209c458cb9b30692134af456269
  WebRTC-SDK: c24d2a6c9f571f2ed42297cb8ffba9557093142b
  webview_flutter_wkwebview: 0982481e3d9c78fd5c6f62a002fcd24fc791f1e4
  window_size: 339dafa0b27a95a62a843042038fa6c3c48de195

PODFILE CHECKSUM: 236401fc2c932af29a9fcf0e97baeeb2d750d367

COCOAPODS: 1.16.2
